
Microsoft Visual Studio Solution File, Format Version 12.00
# Visual Studio Version 17
VisualStudioVersion = 17.5.33424.131
MinimumVisualStudioVersion = 10.0.40219.1
Project("{FAE04EC0-301F-11D3-BF4B-00C04F79EFBC}") = "Lab Day 1", "Lab Day 1\Lab Day 1.csproj", "{A6B64B9C-659C-4631-8C97-C1EBF4F5FF28}"
EndProject
Global
	GlobalSection(SolutionConfigurationPlatforms) = preSolution
		Debug|Any CPU = Debug|Any CPU
		Release|Any CPU = Release|Any CPU
	EndGlobalSection
	GlobalSection(ProjectConfigurationPlatforms) = postSolution
		{A6B64B9C-659C-4631-8C97-C1EBF4F5FF28}.Debug|Any CPU.ActiveCfg = Debug|Any CPU
		{A6B64B9C-659C-4631-8C97-C1EBF4F5FF28}.Debug|Any CPU.Build.0 = Debug|Any CPU
		{A6B64B9C-659C-4631-8C97-C1EBF4F5FF28}.Release|Any CPU.ActiveCfg = Release|Any CPU
		{A6B64B9C-659C-4631-8C97-C1EBF4F5FF28}.Release|Any CPU.Build.0 = Release|Any CPU
	EndGlobalSection
	GlobalSection(SolutionProperties) = preSolution
		HideSolutionNode = FALSE
	EndGlobalSection
	GlobalSection(ExtensibilityGlobals) = postSolution
		SolutionGuid = {BBDB168C-A542-4772-9A07-4E6C06C3E956}
	EndGlobalSection
EndGlobal
